
Microsoft Visual Studio Solution File, Format Version 12.00
# Visual Studio 2012
Project("{FAE04EC0-301F-11D3-BF4B-00C04F79EFBC}") = "NEOLottery", "NEOLottery\NEOLottery.csproj", "{D12D1B9A-DB4C-4D4F-88E3-CD491721A777}"
EndProject
Global
	GlobalSection(SolutionConfigurationPlatforms) = preSolution
		Debug|Any CPU = Debug|Any CPU
		Release|Any CPU = Release|Any CPU
	EndGlobalSection
	GlobalSection(ProjectConfigurationPlatforms) = postSolution
		{D12D1B9A-DB4C-4D4F-88E3-CD491721A777}.Debug|Any CPU.ActiveCfg = Debug|Any CPU
		{D12D1B9A-DB4C-4D4F-88E3-CD491721A777}.Debug|Any CPU.Build.0 = Debug|Any CPU
		{D12D1B9A-DB4C-4D4F-88E3-CD491721A777}.Release|Any CPU.ActiveCfg = Release|Any CPU
		{D12D1B9A-DB4C-4D4F-88E3-CD491721A777}.Release|Any CPU.Build.0 = Release|Any CPU
	EndGlobalSection
	GlobalSection(MonoDevelopProperties) = preSolution
		Policies = $0
		$0.TextStylePolicy = $1
		$1.FileWidth = 80
		$1.TabsToSpaces = True
		$1.scope = text/x-csharp
		$0.CSharpFormattingPolicy = $2
		$2.scope = text/x-csharp
		$0.TextStylePolicy = $3
		$3.FileWidth = 80
		$3.TabsToSpaces = True
		$3.scope = text/plain
		$0.StandardHeader = $4
	EndGlobalSection
EndGlobal
